
Microsoft Visual Studio Solution File, Format Version 12.00
# Visual Studio Version 17
VisualStudioVersion = 17.3.32929.385
MinimumVisualStudioVersion = 10.0.40219.1
Project("{FAE04EC0-301F-11D3-BF4B-00C04F79EFBC}") = "ClassTask", "ClassTask\ClassTask.csproj", "{879C6BA3-E51F-4115-B3EA-2F3A495C1C0C}"
EndProject
Global
	GlobalSection(SolutionConfigurationPlatforms) = preSolution
		Debug|Any CPU = Debug|Any CPU
		Release|Any CPU = Release|Any CPU
	EndGlobalSection
	GlobalSection(ProjectConfigurationPlatforms) = postSolution
		{879C6BA3-E51F-4115-B3EA-2F3A495C1C0C}.Debug|Any CPU.ActiveCfg = Debug|Any CPU
		{879C6BA3-E51F-4115-B3EA-2F3A495C1C0C}.Debug|Any CPU.Build.0 = Debug|Any CPU
		{879C6BA3-E51F-4115-B3EA-2F3A495C1C0C}.Release|Any CPU.ActiveCfg = Release|Any CPU
		{879C6BA3-E51F-4115-B3EA-2F3A495C1C0C}.Release|Any CPU.Build.0 = Release|Any CPU
	EndGlobalSection
	GlobalSection(SolutionProperties) = preSolution
		HideSolutionNode = FALSE
	EndGlobalSection
	GlobalSection(ExtensibilityGlobals) = postSolution
		SolutionGuid = {8E8D21F7-1311-4807-A921-727FE751B83D}
	EndGlobalSection
EndGlobal
